{
  "name": "efo-chart-web",
  "version": "1.0.0",
  "lockfileVersion": 3,
  "requires": true,
  "packages": {
    "": {
      "name": "efo-chart-web",
      "version": "1.0.0",
      "license": "ISC",
      "workspaces": [
        "packages/chart-web",
        "packages/utils"
      ]
    },
    "node_modules/@efo/chart-web": {
      "resolved": "packages/chart-web",
      "link": true
    },
    "node_modules/@efo/utils": {
      "resolved": "packages/utils",
      "link": true
    },
    "packages/chart-web": {
      "name": "@efo/chart-web",
      "version": "1.0.0",
      "license": "ISC"
    },
    "packages/utils": {
      "name": "@efo/utils",
      "version": "1.0.0",
      "license": "ISC",
      "devDependencies": {}
    }
  }
}
